
Microsoft Visual Studio Solution File, Format Version 12.00
# Visual Studio Version 16
VisualStudioVersion = 16.0.29609.76
MinimumVisualStudioVersion = 10.0.40219.1
Project("{FAE04EC0-301F-11D3-BF4B-00C04F79EFBC}") = "CCMSAutomationAPI", "CCMSAutomationAPI.csproj", "{475F5720-A718-4A77-B564-481CE65715DE}"
EndProject
Global
	GlobalSection(SolutionConfigurationPlatforms) = preSolution
		Debug|Any CPU = Debug|Any CPU
		Release|Any CPU = Release|Any CPU
	EndGlobalSection
	GlobalSection(ProjectConfigurationPlatforms) = postSolution
		{475F5720-A718-4A77-B564-481CE65715DE}.Debug|Any CPU.ActiveCfg = Debug|Any CPU
		{475F5720-A718-4A77-B564-481CE65715DE}.Debug|Any CPU.Build.0 = Debug|Any CPU
		{475F5720-A718-4A77-B564-481CE65715DE}.Release|Any CPU.ActiveCfg = Release|Any CPU
		{475F5720-A718-4A77-B564-481CE65715DE}.Release|Any CPU.Build.0 = Release|Any CPU
	EndGlobalSection
	GlobalSection(SolutionProperties) = preSolution
		HideSolutionNode = FALSE
	EndGlobalSection
	GlobalSection(ExtensibilityGlobals) = postSolution
		SolutionGuid = {6EDE7166-8A8B-4319-9B01-96C888A54144}
	EndGlobalSection
EndGlobal
